
Microsoft Visual Studio Solution File, Format Version 12.00
# Visual Studio Version 17
VisualStudioVersion = 17.13.35931.197 d17.13
MinimumVisualStudioVersion = 10.0.40219.1
Project("{FAE04EC0-301F-11D3-BF4B-00C04F79EFBC}") = "LibrarySystem", "LibrarySystem\LibrarySystem.csproj", "{48F01CA9-F2A4-4237-B081-6CA8D87341A0}"
EndProject
Global
	GlobalSection(SolutionConfigurationPlatforms) = preSolution
		Debug|Any CPU = Debug|Any CPU
		Release|Any CPU = Release|Any CPU
	EndGlobalSection
	GlobalSection(ProjectConfigurationPlatforms) = postSolution
		{48F01CA9-F2A4-4237-B081-6CA8D87341A0}.Debug|Any CPU.ActiveCfg = Debug|Any CPU
		{48F01CA9-F2A4-4237-B081-6CA8D87341A0}.Debug|Any CPU.Build.0 = Debug|Any CPU
		{48F01CA9-F2A4-4237-B081-6CA8D87341A0}.Release|Any CPU.ActiveCfg = Release|Any CPU
		{48F01CA9-F2A4-4237-B081-6CA8D87341A0}.Release|Any CPU.Build.0 = Release|Any CPU
	EndGlobalSection
	GlobalSection(SolutionProperties) = preSolution
		HideSolutionNode = FALSE
	EndGlobalSection
	GlobalSection(ExtensibilityGlobals) = postSolution
		SolutionGuid = {A5B53CF4-07AA-4734-9495-12C86E0A70AD}
	EndGlobalSection
EndGlobal
